# This file is autogenerated, do not edit; changes may be undone by the next 'dep ensure'.


[[projects]]
  digest = "1:0afa63759ae8c5aa13d813346e414e7ed3bde76a98f48b9ebe3272f5a5e2f7ec"
  name = "github.com/franela/goblin"
  packages = ["."]
  pruneopts = "UT"
  revision = "cd5d08fb4ede9eaac1812fdb513552e7404eae2e"
  version = "0.0.2"

[solve-meta]
  analyzer-name = "dep"
  analyzer-version = 1
  input-imports = ["github.com/franela/goblin"]
  solver-name = "gps-cdcl"
  solver-version = 1
